{
  "requires": true,
  "lockfileVersion": 1,
  "dependencies": {
    "animejs": {
      "version": "3.2.1",
      "resolved": "https://registry.npmjs.org/animejs/-/animejs-3.2.1.tgz",
      "integrity": "sha512-sWno3ugFryK5nhiDm/2BKeFCpZv7vzerWUcUPyAZLDhMek3+S/p418ldZJbJXo5ZUOpfm2kP2XRO4NJcULMy9A=="
    },
    "kelpo-lottery-wheel": {
      "version": "1.0.13",
      "resolved": "https://registry.npmjs.org/kelpo-lottery-wheel/-/kelpo-lottery-wheel-1.0.13.tgz",
      "integrity": "sha512-qwHm0MIiFnRbawCooQw9uIlvxILkDSw7Ijk58bZcHXCMq5maWgNabQFR6c0gierlKBQwrGZXG4Ci9BTt/jBmEA==",
      "requires": {
        "animejs": "^3.0.0"
      }
    }
  }
}
